
Microsoft Visual Studio Solution File, Format Version 12.00
# Visual Studio Version 17
VisualStudioVersion = 17.0.32014.148
MinimumVisualStudioVersion = 10.0.40219.1
Project("{FAE04EC0-301F-11D3-BF4B-00C04F79EFBC}") = "QandA", "QandA.csproj", "{DABCB6B7-B757-4D46-A79C-75F3FEE761E8}"
EndProject
Global
	GlobalSection(SolutionConfigurationPlatforms) = preSolution
		Debug|Any CPU = Debug|Any CPU
		Release|Any CPU = Release|Any CPU
	EndGlobalSection
	GlobalSection(ProjectConfigurationPlatforms) = postSolution
		{DABCB6B7-B757-4D46-A79C-75F3FEE761E8}.Debug|Any CPU.ActiveCfg = Debug|Any CPU
		{DABCB6B7-B757-4D46-A79C-75F3FEE761E8}.Debug|Any CPU.Build.0 = Debug|Any CPU
		{DABCB6B7-B757-4D46-A79C-75F3FEE761E8}.Release|Any CPU.ActiveCfg = Release|Any CPU
		{DABCB6B7-B757-4D46-A79C-75F3FEE761E8}.Release|Any CPU.Build.0 = Release|Any CPU
	EndGlobalSection
	GlobalSection(SolutionProperties) = preSolution
		HideSolutionNode = FALSE
	EndGlobalSection
	GlobalSection(ExtensibilityGlobals) = postSolution
		SolutionGuid = {E1128953-21FC-47A9-B1E3-7E8B7BB5290D}
	EndGlobalSection
EndGlobal
